
Microsoft Visual Studio Solution File, Format Version 12.00
# Visual Studio Version 17
VisualStudioVersion = 17.7.34202.233
MinimumVisualStudioVersion = 10.0.40219.1
Project("{FAE04EC0-301F-11D3-BF4B-00C04F79EFBC}") = "XPDevGames.WebApi", "XPDevGames.WebApi\XPDevGames.WebApi.csproj", "{B4747102-D8DE-4E25-BF92-9741546CC269}"
EndProject
Global
	GlobalSection(SolutionConfigurationPlatforms) = preSolution
		Debug|Any CPU = Debug|Any CPU
		Release|Any CPU = Release|Any CPU
	EndGlobalSection
	GlobalSection(ProjectConfigurationPlatforms) = postSolution
		{B4747102-D8DE-4E25-BF92-9741546CC269}.Debug|Any CPU.ActiveCfg = Debug|Any CPU
		{B4747102-D8DE-4E25-BF92-9741546CC269}.Debug|Any CPU.Build.0 = Debug|Any CPU
		{B4747102-D8DE-4E25-BF92-9741546CC269}.Release|Any CPU.ActiveCfg = Release|Any CPU
		{B4747102-D8DE-4E25-BF92-9741546CC269}.Release|Any CPU.Build.0 = Release|Any CPU
	EndGlobalSection
	GlobalSection(SolutionProperties) = preSolution
		HideSolutionNode = FALSE
	EndGlobalSection
	GlobalSection(ExtensibilityGlobals) = postSolution
		SolutionGuid = {C9E9955A-24AE-48F0-8B2A-CCED26366B96}
	EndGlobalSection
EndGlobal
